
Microsoft Visual Studio Solution File, Format Version 12.00
# Visual Studio 14
VisualStudioVersion = 14.0.25420.1
MinimumVisualStudioVersion = 10.0.40219.1
Project("{FAE04EC0-301F-11D3-BF4B-00C04F79EFBC}") = "Prog6", "Prog6\Prog6.csproj", "{90935062-D8DB-407C-B625-5A17672DA680}"
EndProject
Project("{FAE04EC0-301F-11D3-BF4B-00C04F79EFBC}") = "Prog6.Tests", "Prog6.Tests\Prog6.Tests.csproj", "{82270ACD-5D94-45FE-A137-9A5A269ED343}"
EndProject
Project("{00D1A9C2-B5F0-4AF3-8072-F6C62B433612}") = "Database", "Database\Database.sqlproj", "{64B72188-F0BD-4ABD-AF08-75C65901270B}"
EndProject
Global
	GlobalSection(SolutionConfigurationPlatforms) = preSolution
		Debug|Any CPU = Debug|Any CPU
		Release|Any CPU = Release|Any CPU
	EndGlobalSection
	GlobalSection(ProjectConfigurationPlatforms) = postSolution
		{90935062-D8DB-407C-B625-5A17672DA680}.Debug|Any CPU.ActiveCfg = Debug|Any CPU
		{90935062-D8DB-407C-B625-5A17672DA680}.Debug|Any CPU.Build.0 = Debug|Any CPU
		{90935062-D8DB-407C-B625-5A17672DA680}.Release|Any CPU.ActiveCfg = Release|Any CPU
		{90935062-D8DB-407C-B625-5A17672DA680}.Release|Any CPU.Build.0 = Release|Any CPU
		{82270ACD-5D94-45FE-A137-9A5A269ED343}.Debug|Any CPU.ActiveCfg = Debug|Any CPU
		{82270ACD-5D94-45FE-A137-9A5A269ED343}.Debug|Any CPU.Build.0 = Debug|Any CPU
		{82270ACD-5D94-45FE-A137-9A5A269ED343}.Release|Any CPU.ActiveCfg = Release|Any CPU
		{82270ACD-5D94-45FE-A137-9A5A269ED343}.Release|Any CPU.Build.0 = Release|Any CPU
		{64B72188-F0BD-4ABD-AF08-75C65901270B}.Debug|Any CPU.ActiveCfg = Debug|Any CPU
		{64B72188-F0BD-4ABD-AF08-75C65901270B}.Debug|Any CPU.Build.0 = Debug|Any CPU
		{64B72188-F0BD-4ABD-AF08-75C65901270B}.Debug|Any CPU.Deploy.0 = Debug|Any CPU
		{64B72188-F0BD-4ABD-AF08-75C65901270B}.Release|Any CPU.ActiveCfg = Release|Any CPU
		{64B72188-F0BD-4ABD-AF08-75C65901270B}.Release|Any CPU.Build.0 = Release|Any CPU
		{64B72188-F0BD-4ABD-AF08-75C65901270B}.Release|Any CPU.Deploy.0 = Release|Any CPU
	EndGlobalSection
	GlobalSection(SolutionProperties) = preSolution
		HideSolutionNode = FALSE
	EndGlobalSection
EndGlobal
